
Microsoft Visual Studio Solution File, Format Version 12.00
# Visual Studio Version 17
VisualStudioVersion = 17.0.31903.59
MinimumVisualStudioVersion = 10.0.40219.1
Project("{2150E333-8FDC-42A3-9474-1A3956D46DE8}") = "src", "src", "{7DF5047D-A144-42E9-8553-914BDE439936}"
EndProject
Project("{FAE04EC0-301F-11D3-BF4B-00C04F79EFBC}") = "CommandAPI", "src\CommandAPI\CommandAPI.csproj", "{1A2C329D-C1A2-4CFA-BD4A-848284513CFA}"
EndProject
Project("{2150E333-8FDC-42A3-9474-1A3956D46DE8}") = "test", "test", "{BF54C1B3-3735-4C3D-B0FE-FA52512A9A3E}"
EndProject
Project("{FAE04EC0-301F-11D3-BF4B-00C04F79EFBC}") = "CommandAPI.Tests", "test\CommandAPI.Tests\CommandAPI.Tests.csproj", "{E93DDB9A-D4C9-4617-BA2F-4A6DE65B03F4}"
EndProject
Global
	GlobalSection(SolutionConfigurationPlatforms) = preSolution
		Debug|Any CPU = Debug|Any CPU
		Release|Any CPU = Release|Any CPU
	EndGlobalSection
	GlobalSection(SolutionProperties) = preSolution
		HideSolutionNode = FALSE
	EndGlobalSection
	GlobalSection(ProjectConfigurationPlatforms) = postSolution
		{1A2C329D-C1A2-4CFA-BD4A-848284513CFA}.Debug|Any CPU.ActiveCfg = Debug|Any CPU
		{1A2C329D-C1A2-4CFA-BD4A-848284513CFA}.Debug|Any CPU.Build.0 = Debug|Any CPU
		{1A2C329D-C1A2-4CFA-BD4A-848284513CFA}.Release|Any CPU.ActiveCfg = Release|Any CPU
		{1A2C329D-C1A2-4CFA-BD4A-848284513CFA}.Release|Any CPU.Build.0 = Release|Any CPU
		{E93DDB9A-D4C9-4617-BA2F-4A6DE65B03F4}.Debug|Any CPU.ActiveCfg = Debug|Any CPU
		{E93DDB9A-D4C9-4617-BA2F-4A6DE65B03F4}.Debug|Any CPU.Build.0 = Debug|Any CPU
		{E93DDB9A-D4C9-4617-BA2F-4A6DE65B03F4}.Release|Any CPU.ActiveCfg = Release|Any CPU
		{E93DDB9A-D4C9-4617-BA2F-4A6DE65B03F4}.Release|Any CPU.Build.0 = Release|Any CPU
	EndGlobalSection
	GlobalSection(NestedProjects) = preSolution
		{1A2C329D-C1A2-4CFA-BD4A-848284513CFA} = {7DF5047D-A144-42E9-8553-914BDE439936}
		{E93DDB9A-D4C9-4617-BA2F-4A6DE65B03F4} = {BF54C1B3-3735-4C3D-B0FE-FA52512A9A3E}
	EndGlobalSection
EndGlobal
